
Microsoft Visual Studio Solution File, Format Version 12.00
# Visual Studio Version 16
VisualStudioVersion = 16.0.29613.14
MinimumVisualStudioVersion = 10.0.40219.1
Project("{FAE04EC0-301F-11D3-BF4B-00C04F79EFBC}") = "CameraPlus", "CameraPlus.csproj", "{EB29D3F0-3BC0-4459-9269-C9DA0F3FCD1A}"
EndProject
Project("{2150E333-8FDC-42A3-9474-1A3956D46DE8}") = "Solution items", "Solution items", "{DFB2A53A-3D98-48C1-A58B-F6740C7EDDD7}"
	ProjectSection(SolutionItems) = preProject
		..\.gitignore = ..\.gitignore
		..\README.md = ..\README.md
	EndProjectSection
EndProject
Global
	GlobalSection(SolutionConfigurationPlatforms) = preSolution
		Debug|Any CPU = Debug|Any CPU
		Release|Any CPU = Release|Any CPU
	EndGlobalSection
	GlobalSection(ProjectConfigurationPlatforms) = postSolution
		{EB29D3F0-3BC0-4459-9269-C9DA0F3FCD1A}.Debug|Any CPU.ActiveCfg = Debug|Any CPU
		{EB29D3F0-3BC0-4459-9269-C9DA0F3FCD1A}.Debug|Any CPU.Build.0 = Debug|Any CPU
		{EB29D3F0-3BC0-4459-9269-C9DA0F3FCD1A}.Release|Any CPU.ActiveCfg = Release|Any CPU
		{EB29D3F0-3BC0-4459-9269-C9DA0F3FCD1A}.Release|Any CPU.Build.0 = Release|Any CPU
	EndGlobalSection
	GlobalSection(SolutionProperties) = preSolution
		HideSolutionNode = FALSE
	EndGlobalSection
	GlobalSection(ExtensibilityGlobals) = postSolution
		SolutionGuid = {A1AC520F-1D00-46DA-8CDD-0E7F357A0F25}
	EndGlobalSection
EndGlobal
